
Microsoft Visual Studio Solution File, Format Version 12.00
# Visual Studio 2012
Project("{FAE04EC0-301F-11D3-BF4B-00C04F79EFBC}") = "ShareWareDAL", "ShareWareDAL\ShareWareDAL.csproj", "{94F71305-C139-4706-A053-0E588EC4CDD3}"
EndProject
Project("{FAE04EC0-301F-11D3-BF4B-00C04F79EFBC}") = "ShareWareServiceLibrary", "ShareWareServiceLibrary\ShareWareServiceLibrary.csproj", "{15B3E0D2-6217-493A-A690-158C497F5318}"
EndProject
Project("{FAE04EC0-301F-11D3-BF4B-00C04F79EFBC}") = "ShareFile", "Share\ShareFile.csproj", "{8502B2AF-4C2D-4116-8D6F-27C8EDC9F94A}"
EndProject
Project("{FAE04EC0-301F-11D3-BF4B-00C04F79EFBC}") = "ShareWare", "ShareMetro\ShareWare.csproj", "{56E8080F-FFEB-47CD-ADB9-92245F92565B}"
	ProjectSection(ProjectDependencies) = postProject
		{15B3E0D2-6217-493A-A690-158C497F5318} = {15B3E0D2-6217-493A-A690-158C497F5318}
	EndProjectSection
EndProject
Project("{FAE04EC0-301F-11D3-BF4B-00C04F79EFBC}") = "MahApps.Metro", "MahApps.Metro\MahApps.Metro.csproj", "{5B1710D2-5DC8-4754-91B2-19165DE49B3D}"
EndProject
Project("{FAE04EC0-301F-11D3-BF4B-00C04F79EFBC}") = "MahApps.Metro.Resources", "MahApps.Metro.Resources\MahApps.Metro.Resources.csproj", "{E708AC99-605B-42A0-8D20-ABCA8FE42DD2}"
EndProject
Project("{2150E333-8FDC-42A3-9474-1A3956D46DE8}") = "Lib", "Lib", "{5EFE021E-7A79-4FB1-A04A-961958BDDD8A}"
	ProjectSection(SolutionItems) = preProject
		Lib\GrayscaleEffect.dll = Lib\GrayscaleEffect.dll
		Lib\Microsoft.Practices.Prism.dll = Lib\Microsoft.Practices.Prism.dll
		Tools\NotifyPropertyWeaverMsBuildTask.dll = Tools\NotifyPropertyWeaverMsBuildTask.dll
		Lib\System.Windows.Interactivity.dll = Lib\System.Windows.Interactivity.dll
	EndProjectSection
EndProject
Project("{FAE04EC0-301F-11D3-BF4B-00C04F79EFBC}") = "Socket_Library", "Socket_Library\Socket_Library.csproj", "{760CCF43-4BDA-444A-BFE8-14272E8BB93B}"
EndProject
Project("{FAE04EC0-301F-11D3-BF4B-00C04F79EFBC}") = "ShareWareWindowsService", "ShareWareWindowsService\ShareWareWindowsService.csproj", "{9E004CD3-19AC-4FD1-8A0F-A29DAC37AA15}"
EndProject
Global
	GlobalSection(TeamFoundationVersionControl) = preSolution
		SccNumberOfProjects = 9
		SccEnterpriseProvider = {4CA58AB2-18FA-4F8D-95D4-32DDF27D184C}
		SccTeamFoundationServer = https://amos402.tfspreview.com/defaultcollection
		SccProjectUniqueName0 = Share\\ShareFile.csproj
		SccProjectName0 = Share
		SccLocalPath0 = Share
		SccProjectUniqueName1 = ShareWareDAL\\ShareWareDAL.csproj
		SccProjectName1 = ShareWareDAL
		SccLocalPath1 = ShareWareDAL
		SccProjectUniqueName2 = ShareWareServiceLibrary\\ShareWareServiceLibrary.csproj
		SccProjectName2 = ShareWareServiceLibrary
		SccLocalPath2 = ShareWareServiceLibrary
		SccProjectUniqueName3 = MahApps.Metro\\MahApps.Metro.csproj
		SccProjectName3 = MahApps.Metro
		SccLocalPath3 = MahApps.Metro
		SccProjectUniqueName4 = MahApps.Metro.Resources\\MahApps.Metro.Resources.csproj
		SccProjectName4 = MahApps.Metro.Resources
		SccLocalPath4 = MahApps.Metro.Resources
		SccProjectUniqueName5 = Socket_Library\\Socket_Library.csproj
		SccProjectName5 = Socket_Library
		SccLocalPath5 = Socket_Library
		SccProjectUniqueName6 = ShareWareWindowsService\\ShareWareWindowsService.csproj
		SccProjectName6 = ShareWareWindowsService
		SccLocalPath6 = ShareWareWindowsService
		SccProjectUniqueName7 = ShareMetro\\ShareWare.csproj
		SccProjectName7 = ShareMetro
		SccLocalPath7 = ShareMetro
		SccLocalPath8 = .
	EndGlobalSection
	GlobalSection(SolutionConfigurationPlatforms) = preSolution
		Debug|Any CPU = Debug|Any CPU
		Debug|Mixed Platforms = Debug|Mixed Platforms
		Debug|x86 = Debug|x86
		Release|Any CPU = Release|Any CPU
		Release|Mixed Platforms = Release|Mixed Platforms
		Release|x86 = Release|x86
	EndGlobalSection
	GlobalSection(ProjectConfigurationPlatforms) = postSolution
		{94F71305-C139-4706-A053-0E588EC4CDD3}.Debug|Any CPU.ActiveCfg = Debug|Any CPU
		{94F71305-C139-4706-A053-0E588EC4CDD3}.Debug|Any CPU.Build.0 = Debug|Any CPU
		{94F71305-C139-4706-A053-0E588EC4CDD3}.Debug|Mixed Platforms.ActiveCfg = Debug|Any CPU
		{94F71305-C139-4706-A053-0E588EC4CDD3}.Debug|Mixed Platforms.Build.0 = Debug|Any CPU
		{94F71305-C139-4706-A053-0E588EC4CDD3}.Debug|x86.ActiveCfg = Debug|Any CPU
		{94F71305-C139-4706-A053-0E588EC4CDD3}.Release|Any CPU.ActiveCfg = Release|Any CPU
		{94F71305-C139-4706-A053-0E588EC4CDD3}.Release|Any CPU.Build.0 = Release|Any CPU
		{94F71305-C139-4706-A053-0E588EC4CDD3}.Release|Mixed Platforms.ActiveCfg = Release|Any CPU
		{94F71305-C139-4706-A053-0E588EC4CDD3}.Release|Mixed Platforms.Build.0 = Release|Any CPU
		{94F71305-C139-4706-A053-0E588EC4CDD3}.Release|x86.ActiveCfg = Release|Any CPU
		{15B3E0D2-6217-493A-A690-158C497F5318}.Debug|Any CPU.ActiveCfg = Debug|Any CPU
		{15B3E0D2-6217-493A-A690-158C497F5318}.Debug|Any CPU.Build.0 = Debug|Any CPU
		{15B3E0D2-6217-493A-A690-158C497F5318}.Debug|Mixed Platforms.ActiveCfg = Debug|Any CPU
		{15B3E0D2-6217-493A-A690-158C497F5318}.Debug|Mixed Platforms.Build.0 = Debug|Any CPU
		{15B3E0D2-6217-493A-A690-158C497F5318}.Debug|x86.ActiveCfg = Debug|Any CPU
		{15B3E0D2-6217-493A-A690-158C497F5318}.Release|Any CPU.ActiveCfg = Release|Any CPU
		{15B3E0D2-6217-493A-A690-158C497F5318}.Release|Any CPU.Build.0 = Release|Any CPU
		{15B3E0D2-6217-493A-A690-158C497F5318}.Release|Mixed Platforms.ActiveCfg = Release|Any CPU
		{15B3E0D2-6217-493A-A690-158C497F5318}.Release|Mixed Platforms.Build.0 = Release|Any CPU
		{15B3E0D2-6217-493A-A690-158C497F5318}.Release|x86.ActiveCfg = Release|Any CPU
		{8502B2AF-4C2D-4116-8D6F-27C8EDC9F94A}.Debug|Any CPU.ActiveCfg = Debug|Any CPU
		{8502B2AF-4C2D-4116-8D6F-27C8EDC9F94A}.Debug|Any CPU.Build.0 = Debug|Any CPU
		{8502B2AF-4C2D-4116-8D6F-27C8EDC9F94A}.Debug|Mixed Platforms.ActiveCfg = Debug|Any CPU
		{8502B2AF-4C2D-4116-8D6F-27C8EDC9F94A}.Debug|Mixed Platforms.Build.0 = Debug|Any CPU
		{8502B2AF-4C2D-4116-8D6F-27C8EDC9F94A}.Debug|x86.ActiveCfg = Debug|Any CPU
		{8502B2AF-4C2D-4116-8D6F-27C8EDC9F94A}.Release|Any CPU.ActiveCfg = Release|Any CPU
		{8502B2AF-4C2D-4116-8D6F-27C8EDC9F94A}.Release|Any CPU.Build.0 = Release|Any CPU
		{8502B2AF-4C2D-4116-8D6F-27C8EDC9F94A}.Release|Mixed Platforms.ActiveCfg = Release|Any CPU
		{8502B2AF-4C2D-4116-8D6F-27C8EDC9F94A}.Release|Mixed Platforms.Build.0 = Release|Any CPU
		{8502B2AF-4C2D-4116-8D6F-27C8EDC9F94A}.Release|x86.ActiveCfg = Release|Any CPU
		{56E8080F-FFEB-47CD-ADB9-92245F92565B}.Debug|Any CPU.ActiveCfg = Debug|Any CPU
		{56E8080F-FFEB-47CD-ADB9-92245F92565B}.Debug|Any CPU.Build.0 = Debug|Any CPU
		{56E8080F-FFEB-47CD-ADB9-92245F92565B}.Debug|Mixed Platforms.ActiveCfg = Debug|Any CPU
		{56E8080F-FFEB-47CD-ADB9-92245F92565B}.Debug|Mixed Platforms.Build.0 = Debug|Any CPU
		{56E8080F-FFEB-47CD-ADB9-92245F92565B}.Debug|x86.ActiveCfg = Debug|Any CPU
		{56E8080F-FFEB-47CD-ADB9-92245F92565B}.Release|Any CPU.ActiveCfg = Release|Any CPU
		{56E8080F-FFEB-47CD-ADB9-92245F92565B}.Release|Any CPU.Build.0 = Release|Any CPU
		{56E8080F-FFEB-47CD-ADB9-92245F92565B}.Release|Mixed Platforms.ActiveCfg = Release|Any CPU
		{56E8080F-FFEB-47CD-ADB9-92245F92565B}.Release|Mixed Platforms.Build.0 = Release|Any CPU
		{56E8080F-FFEB-47CD-ADB9-92245F92565B}.Release|x86.ActiveCfg = Release|Any CPU
		{5B1710D2-5DC8-4754-91B2-19165DE49B3D}.Debug|Any CPU.ActiveCfg = Debug|Any CPU
		{5B1710D2-5DC8-4754-91B2-19165DE49B3D}.Debug|Any CPU.Build.0 = Debug|Any CPU
		{5B1710D2-5DC8-4754-91B2-19165DE49B3D}.Debug|Mixed Platforms.ActiveCfg = Debug|Any CPU
		{5B1710D2-5DC8-4754-91B2-19165DE49B3D}.Debug|Mixed Platforms.Build.0 = Debug|Any CPU
		{5B1710D2-5DC8-4754-91B2-19165DE49B3D}.Debug|x86.ActiveCfg = Debug|Any CPU
		{5B1710D2-5DC8-4754-91B2-19165DE49B3D}.Release|Any CPU.ActiveCfg = Release|Any CPU
		{5B1710D2-5DC8-4754-91B2-19165DE49B3D}.Release|Any CPU.Build.0 = Release|Any CPU
		{5B1710D2-5DC8-4754-91B2-19165DE49B3D}.Release|Mixed Platforms.ActiveCfg = Release|Any CPU
		{5B1710D2-5DC8-4754-91B2-19165DE49B3D}.Release|Mixed Platforms.Build.0 = Release|Any CPU
		{5B1710D2-5DC8-4754-91B2-19165DE49B3D}.Release|x86.ActiveCfg = Release|Any CPU
		{E708AC99-605B-42A0-8D20-ABCA8FE42DD2}.Debug|Any CPU.ActiveCfg = Debug|Any CPU
		{E708AC99-605B-42A0-8D20-ABCA8FE42DD2}.Debug|Any CPU.Build.0 = Debug|Any CPU
		{E708AC99-605B-42A0-8D20-ABCA8FE42DD2}.Debug|Mixed Platforms.ActiveCfg = Debug|Any CPU
		{E708AC99-605B-42A0-8D20-ABCA8FE42DD2}.Debug|Mixed Platforms.Build.0 = Debug|Any CPU
		{E708AC99-605B-42A0-8D20-ABCA8FE42DD2}.Debug|x86.ActiveCfg = Debug|Any CPU
		{E708AC99-605B-42A0-8D20-ABCA8FE42DD2}.Release|Any CPU.ActiveCfg = Release|Any CPU
		{E708AC99-605B-42A0-8D20-ABCA8FE42DD2}.Release|Any CPU.Build.0 = Release|Any CPU
		{E708AC99-605B-42A0-8D20-ABCA8FE42DD2}.Release|Mixed Platforms.ActiveCfg = Release|Any CPU
		{E708AC99-605B-42A0-8D20-ABCA8FE42DD2}.Release|Mixed Platforms.Build.0 = Release|Any CPU
		{E708AC99-605B-42A0-8D20-ABCA8FE42DD2}.Release|x86.ActiveCfg = Release|Any CPU
		{760CCF43-4BDA-444A-BFE8-14272E8BB93B}.Debug|Any CPU.ActiveCfg = Debug|Any CPU
		{760CCF43-4BDA-444A-BFE8-14272E8BB93B}.Debug|Any CPU.Build.0 = Debug|Any CPU
		{760CCF43-4BDA-444A-BFE8-14272E8BB93B}.Debug|Mixed Platforms.ActiveCfg = Debug|Any CPU
		{760CCF43-4BDA-444A-BFE8-14272E8BB93B}.Debug|Mixed Platforms.Build.0 = Debug|Any CPU
		{760CCF43-4BDA-444A-BFE8-14272E8BB93B}.Debug|x86.ActiveCfg = Debug|Any CPU
		{760CCF43-4BDA-444A-BFE8-14272E8BB93B}.Release|Any CPU.ActiveCfg = Release|Any CPU
		{760CCF43-4BDA-444A-BFE8-14272E8BB93B}.Release|Any CPU.Build.0 = Release|Any CPU
		{760CCF43-4BDA-444A-BFE8-14272E8BB93B}.Release|Mixed Platforms.ActiveCfg = Release|Any CPU
		{760CCF43-4BDA-444A-BFE8-14272E8BB93B}.Release|Mixed Platforms.Build.0 = Release|Any CPU
		{760CCF43-4BDA-444A-BFE8-14272E8BB93B}.Release|x86.ActiveCfg = Release|Any CPU
		{9E004CD3-19AC-4FD1-8A0F-A29DAC37AA15}.Debug|Any CPU.ActiveCfg = Debug|Any CPU
		{9E004CD3-19AC-4FD1-8A0F-A29DAC37AA15}.Debug|Any CPU.Build.0 = Debug|Any CPU
		{9E004CD3-19AC-4FD1-8A0F-A29DAC37AA15}.Debug|Mixed Platforms.ActiveCfg = Debug|Any CPU
		{9E004CD3-19AC-4FD1-8A0F-A29DAC37AA15}.Debug|Mixed Platforms.Build.0 = Debug|Any CPU
		{9E004CD3-19AC-4FD1-8A0F-A29DAC37AA15}.Debug|x86.ActiveCfg = Debug|Any CPU
		{9E004CD3-19AC-4FD1-8A0F-A29DAC37AA15}.Release|Any CPU.ActiveCfg = Release|Any CPU
		{9E004CD3-19AC-4FD1-8A0F-A29DAC37AA15}.Release|Any CPU.Build.0 = Release|Any CPU
		{9E004CD3-19AC-4FD1-8A0F-A29DAC37AA15}.Release|Mixed Platforms.ActiveCfg = Release|Any CPU
		{9E004CD3-19AC-4FD1-8A0F-A29DAC37AA15}.Release|Mixed Platforms.Build.0 = Release|Any CPU
		{9E004CD3-19AC-4FD1-8A0F-A29DAC37AA15}.Release|x86.ActiveCfg = Release|Any CPU
	EndGlobalSection
	GlobalSection(SolutionProperties) = preSolution
		HideSolutionNode = FALSE
	EndGlobalSection
EndGlobal
