
Microsoft Visual Studio Solution File, Format Version 12.00
# Visual Studio 2012
Project("{FAE04EC0-301F-11D3-BF4B-00C04F79EFBC}") = "ShareWare", "ShareWare\ShareWare.csproj", "{A91E9E5B-CE9C-47C9-96DE-C3331FD7B5BA}"
EndProject
Project("{FAE04EC0-301F-11D3-BF4B-00C04F79EFBC}") = "ShareWareDAL", "ShareWareDAL\ShareWareDAL.csproj", "{94F71305-C139-4706-A053-0E588EC4CDD3}"
EndProject
Project("{FAE04EC0-301F-11D3-BF4B-00C04F79EFBC}") = "ShareWareServiceLibrary", "ShareWareServiceLibrary\ShareWareServiceLibrary.csproj", "{15B3E0D2-6217-493A-A690-158C497F5318}"
EndProject
Project("{FAE04EC0-301F-11D3-BF4B-00C04F79EFBC}") = "ShareFile", "Share\ShareFile.csproj", "{8502B2AF-4C2D-4116-8D6F-27C8EDC9F94A}"
EndProject
Project("{FAE04EC0-301F-11D3-BF4B-00C04F79EFBC}") = "ConsoleApplication1", "ConsoleApplication1\ConsoleApplication1.csproj", "{58D3F244-0DDD-4727-B9D2-7FA7CAF13E68}"
	ProjectSection(ProjectDependencies) = postProject
		{15B3E0D2-6217-493A-A690-158C497F5318} = {15B3E0D2-6217-493A-A690-158C497F5318}
	EndProjectSection
EndProject
Project("{FAE04EC0-301F-11D3-BF4B-00C04F79EFBC}") = "Client", "Client\Client.csproj", "{914BEE16-7938-496E-BA11-7151A3B1FF98}"
	ProjectSection(ProjectDependencies) = postProject
		{15B3E0D2-6217-493A-A690-158C497F5318} = {15B3E0D2-6217-493A-A690-158C497F5318}
	EndProjectSection
EndProject
Project("{FAE04EC0-301F-11D3-BF4B-00C04F79EFBC}") = "ConsoleServer", "ConsoleServer\ConsoleServer.csproj", "{1673AFB1-62FD-4C16-B363-98B002A724A6}"
EndProject
Project("{FAE04EC0-301F-11D3-BF4B-00C04F79EFBC}") = "WpfApplication1", "WpfApplication1\WpfApplication1.csproj", "{37E98F14-7060-4FC4-91C0-844E9D4177D1}"
EndProject
Project("{FAE04EC0-301F-11D3-BF4B-00C04F79EFBC}") = "SocketLibrary", "SocketLibrary\SocketLibrary.csproj", "{14A4CC8B-1F3B-407D-BFDC-DF8A55D2ADC2}"
EndProject
Project("{FAE04EC0-301F-11D3-BF4B-00C04F79EFBC}") = "ShareMetro", "ShareMetro\ShareMetro.csproj", "{56E8080F-FFEB-47CD-ADB9-92245F92565B}"
	ProjectSection(ProjectDependencies) = postProject
		{15B3E0D2-6217-493A-A690-158C497F5318} = {15B3E0D2-6217-493A-A690-158C497F5318}
	EndProjectSection
EndProject
Project("{FAE04EC0-301F-11D3-BF4B-00C04F79EFBC}") = "MahApps.Metro", "MahApps.Metro\MahApps.Metro.csproj", "{5B1710D2-5DC8-4754-91B2-19165DE49B3D}"
EndProject
Project("{FAE04EC0-301F-11D3-BF4B-00C04F79EFBC}") = "MahApps.Metro.Resources", "MahApps.Metro.Resources\MahApps.Metro.Resources.csproj", "{E708AC99-605B-42A0-8D20-ABCA8FE42DD2}"
EndProject
Project("{FAE04EC0-301F-11D3-BF4B-00C04F79EFBC}") = "ConsoleApplication2", "ConsoleApplication2\ConsoleApplication2.csproj", "{0DB03814-133B-4017-9A73-3ED4FF598019}"
	ProjectSection(ProjectDependencies) = postProject
		{15B3E0D2-6217-493A-A690-158C497F5318} = {15B3E0D2-6217-493A-A690-158C497F5318}
	EndProjectSection
EndProject
Project("{2150E333-8FDC-42A3-9474-1A3956D46DE8}") = "Lib", "Lib", "{5EFE021E-7A79-4FB1-A04A-961958BDDD8A}"
	ProjectSection(SolutionItems) = preProject
		Lib\GrayscaleEffect.dll = Lib\GrayscaleEffect.dll
		Lib\Microsoft.Practices.Prism.dll = Lib\Microsoft.Practices.Prism.dll
		Tools\NotifyPropertyWeaverMsBuildTask.dll = Tools\NotifyPropertyWeaverMsBuildTask.dll
		Lib\System.Windows.Interactivity.dll = Lib\System.Windows.Interactivity.dll
	EndProjectSection
EndProject
Global
	GlobalSection(TeamFoundationVersionControl) = preSolution
		SccNumberOfProjects = 14
		SccEnterpriseProvider = {4CA58AB2-18FA-4F8D-95D4-32DDF27D184C}
		SccTeamFoundationServer = https://amos402.tfspreview.com/defaultcollection
		SccLocalPath0 = .
		SccProjectUniqueName1 = ConsoleApplication1\\ConsoleApplication1.csproj
		SccProjectName1 = ConsoleApplication1
		SccLocalPath1 = ConsoleApplication1
		SccProjectUniqueName2 = ConsoleServer\\ConsoleServer.csproj
		SccProjectName2 = ConsoleServer
		SccLocalPath2 = ConsoleServer
		SccProjectUniqueName3 = Share\\ShareFile.csproj
		SccProjectName3 = Share
		SccLocalPath3 = Share
		SccProjectUniqueName4 = ShareWare\\ShareWare.csproj
		SccProjectName4 = ShareWare
		SccLocalPath4 = ShareWare
		SccProjectUniqueName5 = ShareWareDAL\\ShareWareDAL.csproj
		SccProjectName5 = ShareWareDAL
		SccLocalPath5 = ShareWareDAL
		SccProjectUniqueName6 = ShareWareServiceLibrary\\ShareWareServiceLibrary.csproj
		SccProjectName6 = ShareWareServiceLibrary
		SccLocalPath6 = ShareWareServiceLibrary
		SccProjectUniqueName7 = WpfApplication1\\WpfApplication1.csproj
		SccProjectName7 = WpfApplication1
		SccLocalPath7 = WpfApplication1
		SccProjectUniqueName8 = Client\\Client.csproj
		SccProjectName8 = Client
		SccLocalPath8 = Client
		SccProjectUniqueName9 = SocketLibrary\\SocketLibrary.csproj
		SccProjectName9 = SocketLibrary
		SccLocalPath9 = SocketLibrary
		SccProjectUniqueName10 = ShareMetro\\ShareMetro.csproj
		SccProjectName10 = ShareMetro
		SccLocalPath10 = ShareMetro
		SccProjectUniqueName11 = MahApps.Metro\\MahApps.Metro.csproj
		SccProjectName11 = MahApps.Metro
		SccLocalPath11 = MahApps.Metro
		SccProjectUniqueName12 = MahApps.Metro.Resources\\MahApps.Metro.Resources.csproj
		SccProjectName12 = MahApps.Metro.Resources
		SccLocalPath12 = MahApps.Metro.Resources
		SccProjectUniqueName13 = ConsoleApplication2\\ConsoleApplication2.csproj
		SccProjectName13 = ConsoleApplication2
		SccLocalPath13 = ConsoleApplication2
	EndGlobalSection
	GlobalSection(SolutionConfigurationPlatforms) = preSolution
		Debug|Any CPU = Debug|Any CPU
		Debug|Mixed Platforms = Debug|Mixed Platforms
		Debug|x86 = Debug|x86
		Release|Any CPU = Release|Any CPU
		Release|Mixed Platforms = Release|Mixed Platforms
		Release|x86 = Release|x86
	EndGlobalSection
	GlobalSection(ProjectConfigurationPlatforms) = postSolution
		{A91E9E5B-CE9C-47C9-96DE-C3331FD7B5BA}.Debug|Any CPU.ActiveCfg = Debug|Any CPU
		{A91E9E5B-CE9C-47C9-96DE-C3331FD7B5BA}.Debug|Any CPU.Build.0 = Debug|Any CPU
		{A91E9E5B-CE9C-47C9-96DE-C3331FD7B5BA}.Debug|Mixed Platforms.ActiveCfg = Debug|Any CPU
		{A91E9E5B-CE9C-47C9-96DE-C3331FD7B5BA}.Debug|Mixed Platforms.Build.0 = Debug|Any CPU
		{A91E9E5B-CE9C-47C9-96DE-C3331FD7B5BA}.Debug|x86.ActiveCfg = Debug|Any CPU
		{A91E9E5B-CE9C-47C9-96DE-C3331FD7B5BA}.Release|Any CPU.ActiveCfg = Release|Any CPU
		{A91E9E5B-CE9C-47C9-96DE-C3331FD7B5BA}.Release|Any CPU.Build.0 = Release|Any CPU
		{A91E9E5B-CE9C-47C9-96DE-C3331FD7B5BA}.Release|Mixed Platforms.ActiveCfg = Release|Any CPU
		{A91E9E5B-CE9C-47C9-96DE-C3331FD7B5BA}.Release|Mixed Platforms.Build.0 = Release|Any CPU
		{A91E9E5B-CE9C-47C9-96DE-C3331FD7B5BA}.Release|x86.ActiveCfg = Release|Any CPU
		{94F71305-C139-4706-A053-0E588EC4CDD3}.Debug|Any CPU.ActiveCfg = Debug|Any CPU
		{94F71305-C139-4706-A053-0E588EC4CDD3}.Debug|Any CPU.Build.0 = Debug|Any CPU
		{94F71305-C139-4706-A053-0E588EC4CDD3}.Debug|Mixed Platforms.ActiveCfg = Debug|Any CPU
		{94F71305-C139-4706-A053-0E588EC4CDD3}.Debug|Mixed Platforms.Build.0 = Debug|Any CPU
		{94F71305-C139-4706-A053-0E588EC4CDD3}.Debug|x86.ActiveCfg = Debug|Any CPU
		{94F71305-C139-4706-A053-0E588EC4CDD3}.Release|Any CPU.ActiveCfg = Release|Any CPU
		{94F71305-C139-4706-A053-0E588EC4CDD3}.Release|Any CPU.Build.0 = Release|Any CPU
		{94F71305-C139-4706-A053-0E588EC4CDD3}.Release|Mixed Platforms.ActiveCfg = Release|Any CPU
		{94F71305-C139-4706-A053-0E588EC4CDD3}.Release|Mixed Platforms.Build.0 = Release|Any CPU
		{94F71305-C139-4706-A053-0E588EC4CDD3}.Release|x86.ActiveCfg = Release|Any CPU
		{15B3E0D2-6217-493A-A690-158C497F5318}.Debug|Any CPU.ActiveCfg = Debug|Any CPU
		{15B3E0D2-6217-493A-A690-158C497F5318}.Debug|Any CPU.Build.0 = Debug|Any CPU
		{15B3E0D2-6217-493A-A690-158C497F5318}.Debug|Mixed Platforms.ActiveCfg = Debug|Any CPU
		{15B3E0D2-6217-493A-A690-158C497F5318}.Debug|Mixed Platforms.Build.0 = Debug|Any CPU
		{15B3E0D2-6217-493A-A690-158C497F5318}.Debug|x86.ActiveCfg = Debug|Any CPU
		{15B3E0D2-6217-493A-A690-158C497F5318}.Release|Any CPU.ActiveCfg = Release|Any CPU
		{15B3E0D2-6217-493A-A690-158C497F5318}.Release|Any CPU.Build.0 = Release|Any CPU
		{15B3E0D2-6217-493A-A690-158C497F5318}.Release|Mixed Platforms.ActiveCfg = Release|Any CPU
		{15B3E0D2-6217-493A-A690-158C497F5318}.Release|Mixed Platforms.Build.0 = Release|Any CPU
		{15B3E0D2-6217-493A-A690-158C497F5318}.Release|x86.ActiveCfg = Release|Any CPU
		{8502B2AF-4C2D-4116-8D6F-27C8EDC9F94A}.Debug|Any CPU.ActiveCfg = Debug|Any CPU
		{8502B2AF-4C2D-4116-8D6F-27C8EDC9F94A}.Debug|Any CPU.Build.0 = Debug|Any CPU
		{8502B2AF-4C2D-4116-8D6F-27C8EDC9F94A}.Debug|Mixed Platforms.ActiveCfg = Debug|Any CPU
		{8502B2AF-4C2D-4116-8D6F-27C8EDC9F94A}.Debug|Mixed Platforms.Build.0 = Debug|Any CPU
		{8502B2AF-4C2D-4116-8D6F-27C8EDC9F94A}.Debug|x86.ActiveCfg = Debug|Any CPU
		{8502B2AF-4C2D-4116-8D6F-27C8EDC9F94A}.Release|Any CPU.ActiveCfg = Release|Any CPU
		{8502B2AF-4C2D-4116-8D6F-27C8EDC9F94A}.Release|Any CPU.Build.0 = Release|Any CPU
		{8502B2AF-4C2D-4116-8D6F-27C8EDC9F94A}.Release|Mixed Platforms.ActiveCfg = Release|Any CPU
		{8502B2AF-4C2D-4116-8D6F-27C8EDC9F94A}.Release|Mixed Platforms.Build.0 = Release|Any CPU
		{8502B2AF-4C2D-4116-8D6F-27C8EDC9F94A}.Release|x86.ActiveCfg = Release|Any CPU
		{58D3F244-0DDD-4727-B9D2-7FA7CAF13E68}.Debug|Any CPU.ActiveCfg = Debug|Any CPU
		{58D3F244-0DDD-4727-B9D2-7FA7CAF13E68}.Debug|Any CPU.Build.0 = Debug|Any CPU
		{58D3F244-0DDD-4727-B9D2-7FA7CAF13E68}.Debug|Mixed Platforms.ActiveCfg = Debug|Any CPU
		{58D3F244-0DDD-4727-B9D2-7FA7CAF13E68}.Debug|Mixed Platforms.Build.0 = Debug|Any CPU
		{58D3F244-0DDD-4727-B9D2-7FA7CAF13E68}.Debug|x86.ActiveCfg = Debug|Any CPU
		{58D3F244-0DDD-4727-B9D2-7FA7CAF13E68}.Release|Any CPU.ActiveCfg = Release|Any CPU
		{58D3F244-0DDD-4727-B9D2-7FA7CAF13E68}.Release|Any CPU.Build.0 = Release|Any CPU
		{58D3F244-0DDD-4727-B9D2-7FA7CAF13E68}.Release|Mixed Platforms.ActiveCfg = Release|Any CPU
		{58D3F244-0DDD-4727-B9D2-7FA7CAF13E68}.Release|Mixed Platforms.Build.0 = Release|Any CPU
		{58D3F244-0DDD-4727-B9D2-7FA7CAF13E68}.Release|x86.ActiveCfg = Release|Any CPU
		{914BEE16-7938-496E-BA11-7151A3B1FF98}.Debug|Any CPU.ActiveCfg = Debug|Any CPU
		{914BEE16-7938-496E-BA11-7151A3B1FF98}.Debug|Any CPU.Build.0 = Debug|Any CPU
		{914BEE16-7938-496E-BA11-7151A3B1FF98}.Debug|Mixed Platforms.ActiveCfg = Debug|Any CPU
		{914BEE16-7938-496E-BA11-7151A3B1FF98}.Debug|x86.ActiveCfg = Debug|Any CPU
		{914BEE16-7938-496E-BA11-7151A3B1FF98}.Release|Any CPU.ActiveCfg = Release|Any CPU
		{914BEE16-7938-496E-BA11-7151A3B1FF98}.Release|Any CPU.Build.0 = Release|Any CPU
		{914BEE16-7938-496E-BA11-7151A3B1FF98}.Release|Mixed Platforms.ActiveCfg = Release|Any CPU
		{914BEE16-7938-496E-BA11-7151A3B1FF98}.Release|x86.ActiveCfg = Release|Any CPU
		{1673AFB1-62FD-4C16-B363-98B002A724A6}.Debug|Any CPU.ActiveCfg = Debug|Any CPU
		{1673AFB1-62FD-4C16-B363-98B002A724A6}.Debug|Any CPU.Build.0 = Debug|Any CPU
		{1673AFB1-62FD-4C16-B363-98B002A724A6}.Debug|Mixed Platforms.ActiveCfg = Debug|Any CPU
		{1673AFB1-62FD-4C16-B363-98B002A724A6}.Debug|Mixed Platforms.Build.0 = Debug|Any CPU
		{1673AFB1-62FD-4C16-B363-98B002A724A6}.Debug|x86.ActiveCfg = Debug|Any CPU
		{1673AFB1-62FD-4C16-B363-98B002A724A6}.Release|Any CPU.ActiveCfg = Release|Any CPU
		{1673AFB1-62FD-4C16-B363-98B002A724A6}.Release|Any CPU.Build.0 = Release|Any CPU
		{1673AFB1-62FD-4C16-B363-98B002A724A6}.Release|Mixed Platforms.ActiveCfg = Release|Any CPU
		{1673AFB1-62FD-4C16-B363-98B002A724A6}.Release|Mixed Platforms.Build.0 = Release|Any CPU
		{1673AFB1-62FD-4C16-B363-98B002A724A6}.Release|x86.ActiveCfg = Release|Any CPU
		{37E98F14-7060-4FC4-91C0-844E9D4177D1}.Debug|Any CPU.ActiveCfg = Debug|Any CPU
		{37E98F14-7060-4FC4-91C0-844E9D4177D1}.Debug|Any CPU.Build.0 = Debug|Any CPU
		{37E98F14-7060-4FC4-91C0-844E9D4177D1}.Debug|Mixed Platforms.ActiveCfg = Debug|Any CPU
		{37E98F14-7060-4FC4-91C0-844E9D4177D1}.Debug|Mixed Platforms.Build.0 = Debug|Any CPU
		{37E98F14-7060-4FC4-91C0-844E9D4177D1}.Debug|x86.ActiveCfg = Debug|Any CPU
		{37E98F14-7060-4FC4-91C0-844E9D4177D1}.Release|Any CPU.ActiveCfg = Release|Any CPU
		{37E98F14-7060-4FC4-91C0-844E9D4177D1}.Release|Any CPU.Build.0 = Release|Any CPU
		{37E98F14-7060-4FC4-91C0-844E9D4177D1}.Release|Mixed Platforms.ActiveCfg = Release|Any CPU
		{37E98F14-7060-4FC4-91C0-844E9D4177D1}.Release|Mixed Platforms.Build.0 = Release|Any CPU
		{37E98F14-7060-4FC4-91C0-844E9D4177D1}.Release|x86.ActiveCfg = Release|Any CPU
		{14A4CC8B-1F3B-407D-BFDC-DF8A55D2ADC2}.Debug|Any CPU.ActiveCfg = Debug|Any CPU
		{14A4CC8B-1F3B-407D-BFDC-DF8A55D2ADC2}.Debug|Any CPU.Build.0 = Debug|Any CPU
		{14A4CC8B-1F3B-407D-BFDC-DF8A55D2ADC2}.Debug|Mixed Platforms.ActiveCfg = Debug|Any CPU
		{14A4CC8B-1F3B-407D-BFDC-DF8A55D2ADC2}.Debug|Mixed Platforms.Build.0 = Debug|Any CPU
		{14A4CC8B-1F3B-407D-BFDC-DF8A55D2ADC2}.Debug|x86.ActiveCfg = Debug|Any CPU
		{14A4CC8B-1F3B-407D-BFDC-DF8A55D2ADC2}.Release|Any CPU.ActiveCfg = Release|Any CPU
		{14A4CC8B-1F3B-407D-BFDC-DF8A55D2ADC2}.Release|Any CPU.Build.0 = Release|Any CPU
		{14A4CC8B-1F3B-407D-BFDC-DF8A55D2ADC2}.Release|Mixed Platforms.ActiveCfg = Release|Any CPU
		{14A4CC8B-1F3B-407D-BFDC-DF8A55D2ADC2}.Release|Mixed Platforms.Build.0 = Release|Any CPU
		{14A4CC8B-1F3B-407D-BFDC-DF8A55D2ADC2}.Release|x86.ActiveCfg = Release|Any CPU
		{56E8080F-FFEB-47CD-ADB9-92245F92565B}.Debug|Any CPU.ActiveCfg = Debug|Any CPU
		{56E8080F-FFEB-47CD-ADB9-92245F92565B}.Debug|Any CPU.Build.0 = Debug|Any CPU
		{56E8080F-FFEB-47CD-ADB9-92245F92565B}.Debug|Mixed Platforms.ActiveCfg = Debug|Any CPU
		{56E8080F-FFEB-47CD-ADB9-92245F92565B}.Debug|Mixed Platforms.Build.0 = Debug|Any CPU
		{56E8080F-FFEB-47CD-ADB9-92245F92565B}.Debug|x86.ActiveCfg = Debug|Any CPU
		{56E8080F-FFEB-47CD-ADB9-92245F92565B}.Release|Any CPU.ActiveCfg = Release|Any CPU
		{56E8080F-FFEB-47CD-ADB9-92245F92565B}.Release|Any CPU.Build.0 = Release|Any CPU
		{56E8080F-FFEB-47CD-ADB9-92245F92565B}.Release|Mixed Platforms.ActiveCfg = Release|Any CPU
		{56E8080F-FFEB-47CD-ADB9-92245F92565B}.Release|Mixed Platforms.Build.0 = Release|Any CPU
		{56E8080F-FFEB-47CD-ADB9-92245F92565B}.Release|x86.ActiveCfg = Release|Any CPU
		{5B1710D2-5DC8-4754-91B2-19165DE49B3D}.Debug|Any CPU.ActiveCfg = Debug|Any CPU
		{5B1710D2-5DC8-4754-91B2-19165DE49B3D}.Debug|Any CPU.Build.0 = Debug|Any CPU
		{5B1710D2-5DC8-4754-91B2-19165DE49B3D}.Debug|Mixed Platforms.ActiveCfg = Debug|Any CPU
		{5B1710D2-5DC8-4754-91B2-19165DE49B3D}.Debug|Mixed Platforms.Build.0 = Debug|Any CPU
		{5B1710D2-5DC8-4754-91B2-19165DE49B3D}.Debug|x86.ActiveCfg = Debug|Any CPU
		{5B1710D2-5DC8-4754-91B2-19165DE49B3D}.Release|Any CPU.ActiveCfg = Release|Any CPU
		{5B1710D2-5DC8-4754-91B2-19165DE49B3D}.Release|Any CPU.Build.0 = Release|Any CPU
		{5B1710D2-5DC8-4754-91B2-19165DE49B3D}.Release|Mixed Platforms.ActiveCfg = Release|Any CPU
		{5B1710D2-5DC8-4754-91B2-19165DE49B3D}.Release|Mixed Platforms.Build.0 = Release|Any CPU
		{5B1710D2-5DC8-4754-91B2-19165DE49B3D}.Release|x86.ActiveCfg = Release|Any CPU
		{E708AC99-605B-42A0-8D20-ABCA8FE42DD2}.Debug|Any CPU.ActiveCfg = Debug|Any CPU
		{E708AC99-605B-42A0-8D20-ABCA8FE42DD2}.Debug|Any CPU.Build.0 = Debug|Any CPU
		{E708AC99-605B-42A0-8D20-ABCA8FE42DD2}.Debug|Mixed Platforms.ActiveCfg = Debug|Any CPU
		{E708AC99-605B-42A0-8D20-ABCA8FE42DD2}.Debug|Mixed Platforms.Build.0 = Debug|Any CPU
		{E708AC99-605B-42A0-8D20-ABCA8FE42DD2}.Debug|x86.ActiveCfg = Debug|Any CPU
		{E708AC99-605B-42A0-8D20-ABCA8FE42DD2}.Release|Any CPU.ActiveCfg = Release|Any CPU
		{E708AC99-605B-42A0-8D20-ABCA8FE42DD2}.Release|Any CPU.Build.0 = Release|Any CPU
		{E708AC99-605B-42A0-8D20-ABCA8FE42DD2}.Release|Mixed Platforms.ActiveCfg = Release|Any CPU
		{E708AC99-605B-42A0-8D20-ABCA8FE42DD2}.Release|Mixed Platforms.Build.0 = Release|Any CPU
		{E708AC99-605B-42A0-8D20-ABCA8FE42DD2}.Release|x86.ActiveCfg = Release|Any CPU
		{0DB03814-133B-4017-9A73-3ED4FF598019}.Debug|Any CPU.ActiveCfg = Debug|Any CPU
		{0DB03814-133B-4017-9A73-3ED4FF598019}.Debug|Any CPU.Build.0 = Debug|Any CPU
		{0DB03814-133B-4017-9A73-3ED4FF598019}.Debug|Mixed Platforms.ActiveCfg = Debug|Any CPU
		{0DB03814-133B-4017-9A73-3ED4FF598019}.Debug|Mixed Platforms.Build.0 = Debug|Any CPU
		{0DB03814-133B-4017-9A73-3ED4FF598019}.Debug|x86.ActiveCfg = Debug|Any CPU
		{0DB03814-133B-4017-9A73-3ED4FF598019}.Release|Any CPU.ActiveCfg = Release|Any CPU
		{0DB03814-133B-4017-9A73-3ED4FF598019}.Release|Any CPU.Build.0 = Release|Any CPU
		{0DB03814-133B-4017-9A73-3ED4FF598019}.Release|Mixed Platforms.ActiveCfg = Release|Any CPU
		{0DB03814-133B-4017-9A73-3ED4FF598019}.Release|Mixed Platforms.Build.0 = Release|Any CPU
		{0DB03814-133B-4017-9A73-3ED4FF598019}.Release|x86.ActiveCfg = Release|Any CPU
	EndGlobalSection
	GlobalSection(SolutionProperties) = preSolution
		HideSolutionNode = FALSE
	EndGlobalSection
EndGlobal
